// !$*UTF8*$!
{
	archiveVersion = 1;
	classes = {
	};
	objectVersion = 50;
	objects = {

/* Begin PBXBuildFile section */
		AF6CD2EB2603A8D200CD8E59 /* AppDelegate.swift in Sources */ = {isa = PBXBuildFile; fileRef = AF6CD2EA2603A8D200CD8E59 /* AppDelegate.swift */; };
		AF6CD2ED2603A8D200CD8E59 /* SceneDelegate.swift in Sources */ = {isa = PBXBuildFile; fileRef = AF6CD2EC2603A8D200CD8E59 /* SceneDelegate.swift */; };
		AF6CD2EF2603A8D200CD8E59 /* ContentView.swift in Sources */ = {isa = PBXBuildFile; fileRef = AF6CD2EE2603A8D200CD8E59 /* ContentView.swift */; };
		AF6CD2F22603A8D200CD8E59 /* MovieDataBase_App.xcdatamodeld in Sources */ = {isa = PBXBuildFile; fileRef = AF6CD2F02603A8D200CD8E59 /* MovieDataBase_App.xcdatamodeld */; };
		AF6CD2F42603A8D300CD8E59 /* Assets.xcassets in Resources */ = {isa = PBXBuildFile; fileRef = AF6CD2F32603A8D300CD8E59 /* Assets.xcassets */; };
		AF6CD2F72603A8D300CD8E59 /* Preview Assets.xcassets in Resources */ = {isa = PBXBuildFile; fileRef = AF6CD2F62603A8D300CD8E59 /* Preview Assets.xcassets */; };
		AF6CD2FA2603A8D300CD8E59 /* LaunchScreen.storyboard in Resources */ = {isa = PBXBuildFile; fileRef = AF6CD2F82603A8D300CD8E59 /* LaunchScreen.storyboard */; };
/* End PBXBuildFile section */

/* Begin PBXFileReference section */
		AF6CD2E72603A8D200CD8E59 /* MovieDataBase App.app */ = {isa = PBXFileReference; explicitFileType = wrapper.application; includeInIndex = 0; path = "MovieDataBase App.app"; sourceTree = BUILT_PRODUCTS_DIR; };
		AF6CD2EA2603A8D200CD8E59 /* AppDelegate.swift */ = {isa = PBXFileReference; lastKnownFileType = sourcecode.swift; path = AppDelegate.swift; sourceTree = "<group>"; };
		AF6CD2EC2603A8D200CD8E59 /* SceneDelegate.swift */ = {isa = PBXFileReference; lastKnownFileType = sourcecode.swift; path = SceneDelegate.swift; sourceTree = "<group>"; };
		AF6CD2EE2603A8D200CD8E59 /* ContentView.swift */ = {isa = PBXFileReference; lastKnownFileType = sourcecode.swift; path = ContentView.swift; sourceTree = "<group>"; };
		AF6CD2F12603A8D200CD8E59 /* MovieDataBase_App.xcdatamodel */ = {isa = PBXFileReference; lastKnownFileType = wrapper.xcdatamodel; path = MovieDataBase_App.xcdatamodel; sourceTree = "<group>"; };
		AF6CD2F32603A8D300CD8E59 /* Assets.xcassets */ = {isa = PBXFileReference; lastKnownFileType = folder.assetcatalog; path = Assets.xcassets; sourceTree = "<group>"; };
		AF6CD2F62603A8D300CD8E59 /* Preview Assets.xcassets */ = {isa = PBXFileReference; lastKnownFileType = folder.assetcatalog; path = "Preview Assets.xcassets"; sourceTree = "<group>"; };
		AF6CD2F92603A8D300CD8E59 /* Base */ = {isa = PBXFileReference; lastKnownFileType = file.storyboard; name = Base; path = Base.lproj/LaunchScreen.storyboard; sourceTree = "<group>"; };
		AF6CD2FB2603A8D300CD8E59 /* Info.plist */ = {isa = PBXFileReference; lastKnownFileType = text.plist.xml; path = Info.plist; sourceTree = "<group>"; };
/* End PBXFileReference section */

/* Begin PBXFrameworksBuildPhase section */
		AF6CD2E42603A8D200CD8E59 /* Frameworks */ = {
			isa = PBXFrameworksBuildPhase;
			buildActionMask = 2147483647;
			files = (
			);
			runOnlyForDeploymentPostprocessing = 0;
		};
/* End PBXFrameworksBuildPhase section */

/* Begin PBXGroup section */
		AF6CD2DE2603A8D100CD8E59 = {
			isa = PBXGroup;
			children = (
				AF6CD2E92603A8D200CD8E59 /* MovieDataBase App */,
				AF6CD2E82603A8D200CD8E59 /* Products */,
			);
			sourceTree = "<group>";
		};
		AF6CD2E82603A8D200CD8E59 /* Products */ = {
			isa = PBXGroup;
			children = (
				AF6CD2E72603A8D200CD8E59 /* MovieDataBase App.app */,
			);
			name = Products;
			sourceTree = "<group>";
		};
		AF6CD2E92603A8D200CD8E59 /* MovieDataBase App */ = {
			isa = PBXGroup;
			children = (
				AF6CD2EA2603A8D200CD8E59 /* AppDelegate.swift */,
				AF6CD2EC2603A8D200CD8E59 /* SceneDelegate.swift */,
				AF6CD2EE2603A8D200CD8E59 /* ContentView.swift */,
				AF6CD2F32603A8D300CD8E59 /* Assets.xcassets */,
				AF6CD2F82603A8D300CD8E59 /* LaunchScreen.storyboard */,
				AF6CD2FB2603A8D300CD8E59 /* Info.plist */,
				AF6CD2F02603A8D200CD8E59 /* MovieDataBase_App.xcdatamodeld */,
				AF6CD2F52603A8D300CD8E59 /* Preview Content */,
			);
			path = "MovieDataBase App";
			sourceTree = "<group>";
		};
		AF6CD2F52603A8D300CD8E59 /* Preview Content */ = {
			isa = PBXGroup;
			children = (
				AF6CD2F62603A8D300CD8E59 /* Preview Assets.xcassets */,
			);
			path = "Preview Content";
			sourceTree = "<group>";
		};
/* End PBXGroup section */

/* Begin PBXNativeTarget section */
		AF6CD2E62603A8D200CD8E59 /* MovieDataBase App */ = {
			isa = PBXNativeTarget;
			buildConfigurationList = AF6CD2FE2603A8D300CD8E59 /* Build configuration list for PBXNativeTarget "MovieDataBase App" */;
			buildPhases = (
				AF6CD2E32603A8D200CD8E59 /* Sources */,
				AF6CD2E42603A8D200CD8E59 /* Frameworks */,
				AF6CD2E52603A8D200CD8E59 /* Resources */,
			);
			buildRules = (
			);
			dependencies = (
			);
			name = "MovieDataBase App";
			productName = "MovieDataBase App";
			productReference = AF6CD2E72603A8D200CD8E59 /* MovieDataBase App.app */;
			productType = "com.apple.product-type.application";
		};
/* End PBXNativeTarget section */

/* Begin PBXProject section */
		AF6CD2DF2603A8D200CD8E59 /* Project object */ = {
			isa = PBXProject;
			attributes = {
				LastSwiftUpdateCheck = 1240;
				LastUpgradeCheck = 1240;
				TargetAttributes = {
					AF6CD2E62603A8D200CD8E59 = {
						CreatedOnToolsVersion = 12.4;
					};
				};
			};
			buildConfigurationList = AF6CD2E22603A8D200CD8E59 /* Build configuration list for PBXProject "MovieDataBase App" */;
			compatibilityVersion = "Xcode 9.3";
			developmentRegion = en;
			hasScannedForEncodings = 0;
			knownRegions = (
				en,
				Base,
			);
			mainGroup = AF6CD2DE2603A8D100CD8E59;
			productRefGroup = AF6CD2E82603A8D200CD8E59 /* Products */;
			projectDirPath = "";
			projectRoot = "";
			targets = (
				AF6CD2E62603A8D200CD8E59 /* MovieDataBase App */,
			);
		};
/* End PBXProject section */

/* Begin PBXResourcesBuildPhase section */
		AF6CD2E52603A8D200CD8E59 /* Resources */ = {
			isa = PBXResourcesBuildPhase;
			buildActionMask = 2147483647;
			files = (
				AF6CD2FA2603A8D300CD8E59 /* LaunchScreen.storyboard in Resources */,
				AF6CD2F72603A8D300CD8E59 /* Preview Assets.xcassets in Resources */,
				AF6CD2F42603A8D300CD8E59 /* Assets.xcassets in Resources */,
			);
			runOnlyForDeploymentPostprocessing = 0;
		};
/* End PBXResourcesBuildPhase section */

/* Begin PBXSourcesBuildPhase section */
		AF6CD2E32603A8D200CD8E59 /* Sources */ = {
			isa = PBXSourcesBuildPhase;
			buildActionMask = 2147483647;
			files = (
				AF6CD2EB2603A8D200CD8E59 /* AppDelegate.swift in Sources */,
				AF6CD2ED2603A8D200CD8E59 /* SceneDelegate.swift in Sources */,
				AF6CD2EF2603A8D200CD8E59 /* ContentView.swift in Sources */,
				AF6CD2F22603A8D200CD8E59 /* MovieDataBase_App.xcdatamodeld in Sources */,
			);
			runOnlyForDeploymentPostprocessing = 0;
		};
/* End PBXSourcesBuildPhase section */

/* Begin PBXVariantGroup section */
		AF6CD2F82603A8D300CD8E59 /* LaunchScreen.storyboard */ = {
			isa = PBXVariantGroup;
			children = (
				AF6CD2F92603A8D300CD8E59 /* Base */,
			);
			name = LaunchScreen.storyboard;
			sourceTree = "<group>";
		};
/* End PBXVariantGroup section */

/* Begin XCBuildConfiguration section */
		AF6CD2FC2603A8D300CD8E59 /* Debug */ = {
			isa = XCBuildConfiguration;
			buildSettings = {
				ALWAYS_SEARCH_USER_PATHS = NO;
				CLANG_ANALYZER_NONNULL = YES;
				CLANG_ANALYZER_NUMBER_OBJECT_CONVERSION = YES_AGGRESSIVE;
				CLANG_CXX_LANGUAGE_STANDARD = "gnu++14";
				CLANG_CXX_LIBRARY = "libc++";
				CLANG_ENABLE_MODULES = YES;
				CLANG_ENABLE_OBJC_ARC = YES;
				CLANG_ENABLE_OBJC_WEAK = YES;
				CLANG_WARN_BLOCK_CAPTURE_AUTORELEASING = YES;
				CLANG_WARN_BOOL_CONVERSION = YES;
				CLANG_WARN_COMMA = YES;
				CLANG_WARN_CONSTANT_CONVERSION = YES;
				CLANG_WARN_DEPRECATED_OBJC_IMPLEMENTATIONS = YES;
				CLANG_WARN_DIRECT_OBJC_ISA_USAGE = YES_ERROR;
				CLANG_WARN_DOCUMENTATION_COMMENTS = YES;
				CLANG_WARN_EMPTY_BODY = YES;
				CLANG_WARN_ENUM_CONVERSION = YES;
				CLANG_WARN_INFINITE_RECURSION = YES;
				CLANG_WARN_INT_CONVERSION = YES;
				CLANG_WARN_NON_LITERAL_NULL_CONVERSION = YES;
				CLANG_WARN_OBJC_IMPLICIT_RETAIN_SELF = YES;
				CLANG_WARN_OBJC_LITERAL_CONVERSION = YES;
				CLANG_WARN_OBJC_ROOT_CLASS = YES_ERROR;
				CLANG_WARN_QUOTED_INCLUDE_IN_FRAMEWORK_HEADER = YES;
				CLANG_WARN_RANGE_LOOP_ANALYSIS = YES;
				CLANG_WARN_STRICT_PROTOTYPES = YES;
				CLANG_WARN_SUSPICIOUS_MOVE = YES;
				CLANG_WARN_UNGUARDED_AVAILABILITY = YES_AGGRESSIVE;
				CLANG_WARN_UNREACHABLE_CODE = YES;
				CLANG_WARN__DUPLICATE_METHOD_MATCH = YES;
				COPY_PHASE_STRIP = NO;
				DEBUG_INFORMATION_FORMAT = dwarf;
				ENABLE_STRICT_OBJC_MSGSEND = YES;
				ENABLE_TESTABILITY = YES;
				GCC_C_LANGUAGE_STANDARD = gnu11;
				GCC_DYNAMIC_NO_PIC = NO;
				GCC_NO_COMMON_BLOCKS = YES;
				GCC_OPTIMIZATION_LEVEL = 0;
				GCC_PREPROCESSOR_DEFINITIONS = (
					"DEBUG=1",
					"$(inherited)",
				);
				GCC_WARN_64_TO_32_BIT_CONVERSION = YES;
				GCC_WARN_ABOUT_RETURN_TYPE = YES_ERROR;
				GCC_WARN_UNDECLARED_SELECTOR = YES;
				GCC_WARN_UNINITIALIZED_AUTOS = YES_AGGRESSIVE;
				GCC_WARN_UNUSED_FUNCTION = YES;
				GCC_WARN_UNUSED_VARIABLE = YES;
				IPHONEOS_DEPLOYMENT_TARGET = 14.4;
				MTL_ENABLE_DEBUG_INFO = INCLUDE_SOURCE;
				MTL_FAST_MATH = YES;
				ONLY_ACTIVE_ARCH = YES;
				SDKROOT = iphoneos;
				SWIFT_ACTIVE_COMPILATION_CONDITIONS = DEBUG;
				SWIFT_OPTIMIZATION_LEVEL = "-Onone";
			};
			name = Debug;
		};
		AF6CD2FD2603A8D300CD8E59 /* Release */ = {
			isa = XCBuildConfiguration;
			buildSettings = {
				ALWAYS_SEARCH_USER_PATHS = NO;
				CLANG_ANALYZER_NONNULL = YES;
				CLANG_ANALYZER_NUMBER_OBJECT_CONVERSION = YES_AGGRESSIVE;
				CLANG_CXX_LANGUAGE_STANDARD = "gnu++14";
				CLANG_CXX_LIBRARY = "libc++";
				CLANG_ENABLE_MODULES = YES;
				CLANG_ENABLE_OBJC_ARC = YES;
				CLANG_ENABLE_OBJC_WEAK = YES;
				CLANG_WARN_BLOCK_CAPTURE_AUTORELEASING = YES;
				CLANG_WARN_BOOL_CONVERSION = YES;
				CLANG_WARN_COMMA = YES;
				CLANG_WARN_CONSTANT_CONVERSION = YES;
				CLANG_WARN_DEPRECATED_OBJC_IMPLEMENTATIONS = YES;
				CLANG_WARN_DIRECT_OBJC_ISA_USAGE = YES_ERROR;
				CLANG_WARN_DOCUMENTATION_COMMENTS = YES;
				CLANG_WARN_EMPTY_BODY = YES;
				CLANG_WARN_ENUM_CONVERSION = YES;
				CLANG_WARN_INFINITE_RECURSION = YES;
				CLANG_WARN_INT_CONVERSION = YES;
				CLANG_WARN_NON_LITERAL_NULL_CONVERSION = YES;
				CLANG_WARN_OBJC_IMPLICIT_RETAIN_SELF = YES;
				CLANG_WARN_OBJC_LITERAL_CONVERSION = YES;
				CLANG_WARN_OBJC_ROOT_CLASS = YES_ERROR;
				CLANG_WARN_QUOTED_INCLUDE_IN_FRAMEWORK_HEADER = YES;
				CLANG_WARN_RANGE_LOOP_ANALYSIS = YES;
				CLANG_WARN_STRICT_PROTOTYPES = YES;
				CLANG_WARN_SUSPICIOUS_MOVE = YES;
				CLANG_WARN_UNGUARDED_AVAILABILITY = YES_AGGRESSIVE;
				CLANG_WARN_UNREACHABLE_CODE = YES;
				CLANG_WARN__DUPLICATE_METHOD_MATCH = YES;
				COPY_PHASE_STRIP = NO;
				DEBUG_INFORMATION_FORMAT = "dwarf-with-dsym";
				ENABLE_NS_ASSERTIONS = NO;
				ENABLE_STRICT_OBJC_MSGSEND = YES;
				GCC_C_LANGUAGE_STANDARD = gnu11;
				GCC_NO_COMMON_BLOCKS = YES;
				GCC_WARN_64_TO_32_BIT_CONVERSION = YES;
				GCC_WARN_ABOUT_RETURN_TYPE = YES_ERROR;
				GCC_WARN_UNDECLARED_SELECTOR = YES;
				GCC_WARN_UNINITIALIZED_AUTOS = YES_AGGRESSIVE;
				GCC_WARN_UNUSED_FUNCTION = YES;
				GCC_WARN_UNUSED_VARIABLE = YES;
				IPHONEOS_DEPLOYMENT_TARGET = 14.4;
				MTL_ENABLE_DEBUG_INFO = NO;
				MTL_FAST_MATH = YES;
				SDKROOT = iphoneos;
				SWIFT_COMPILATION_MODE = wholemodule;
				SWIFT_OPTIMIZATION_LEVEL = "-O";
				VALIDATE_PRODUCT = YES;
			};
			name = Release;
		};
		AF6CD2FF2603A8D300CD8E59 /* Debug */ = {
			isa = XCBuildConfiguration;
			buildSettings = {
				ASSETCATALOG_COMPILER_APPICON_NAME = AppIcon;
				ASSETCATALOG_COMPILER_GLOBAL_ACCENT_COLOR_NAME = AccentColor;
				CODE_SIGN_STYLE = Automatic;
				DEVELOPMENT_ASSET_PATHS = "\"MovieDataBase App/Preview Content\"";
				DEVELOPMENT_TEAM = 6HPBKQNR25;
				ENABLE_PREVIEWS = YES;
				INFOPLIST_FILE = "MovieDataBase App/Info.plist";
				LD_RUNPATH_SEARCH_PATHS = (
					"$(inherited)",
					"@executable_path/Frameworks",
				);
				PRODUCT_BUNDLE_IDENTIFIER = "com.dmitrii.self.MovieDataBase-App";
				PRODUCT_NAME = "$(TARGET_NAME)";
				SWIFT_VERSION = 5.0;
				TARGETED_DEVICE_FAMILY = "1,2";
			};
			name = Debug;
		};
		AF6CD3002603A8D300CD8E59 /* Release */ = {
			isa = XCBuildConfiguration;
			buildSettings = {
				ASSETCATALOG_COMPILER_APPICON_NAME = AppIcon;
				ASSETCATALOG_COMPILER_GLOBAL_ACCENT_COLOR_NAME = AccentColor;
				CODE_SIGN_STYLE = Automatic;
				DEVELOPMENT_ASSET_PATHS = "\"MovieDataBase App/Preview Content\"";
				DEVELOPMENT_TEAM = 6HPBKQNR25;
				ENABLE_PREVIEWS = YES;
				INFOPLIST_FILE = "MovieDataBase App/Info.plist";
				LD_RUNPATH_SEARCH_PATHS = (
					"$(inherited)",
					"@executable_path/Frameworks",
				);
				PRODUCT_BUNDLE_IDENTIFIER = "com.dmitrii.self.MovieDataBase-App";
				PRODUCT_NAME = "$(TARGET_NAME)";
				SWIFT_VERSION = 5.0;
				TARGETED_DEVICE_FAMILY = "1,2";
			};
			name = Release;
		};
/* End XCBuildConfiguration section */

/* Begin XCConfigurationList section */
		AF6CD2E22603A8D200CD8E59 /* Build configuration list for PBXProject "MovieDataBase App" */ = {
			isa = XCConfigurationList;
			buildConfigurations = (
				AF6CD2FC2603A8D300CD8E59 /* Debug */,
				AF6CD2FD2603A8D300CD8E59 /* Release */,
			);
			defaultConfigurationIsVisible = 0;
			defaultConfigurationName = Release;
		};
		AF6CD2FE2603A8D300CD8E59 /* Build configuration list for PBXNativeTarget "MovieDataBase App" */ = {
			isa = XCConfigurationList;
			buildConfigurations = (
				AF6CD2FF2603A8D300CD8E59 /* Debug */,
				AF6CD3002603A8D300CD8E59 /* Release */,
			);
			defaultConfigurationIsVisible = 0;
			defaultConfigurationName = Release;
		};
/* End XCConfigurationList section */

/* Begin XCVersionGroup section */
		AF6CD2F02603A8D200CD8E59 /* MovieDataBase_App.xcdatamodeld */ = {
			isa = XCVersionGroup;
			children = (
				AF6CD2F12603A8D200CD8E59 /* MovieDataBase_App.xcdatamodel */,
			);
			currentVersion = AF6CD2F12603A8D200CD8E59 /* MovieDataBase_App.xcdatamodel */;
			path = MovieDataBase_App.xcdatamodeld;
			sourceTree = "<group>";
			versionGroupType = wrapper.xcdatamodel;
		};
/* End XCVersionGroup section */
	};
	rootObject = AF6CD2DF2603A8D200CD8E59 /* Project object */;
}
